
Microsoft Visual Studio Solution File, Format Version 12.00
# Visual Studio Version 17
VisualStudioVersion = 17.0.31903.59
MinimumVisualStudioVersion = 10.0.40219.1
Project("{FAE04EC0-301F-11D3-BF4B-00C04F79EFBC}") = "everyMatrix-dotnet", "everyMatrix\everyMatrix.csproj", "{9F84420D-E364-4627-93A5-4AFE07A070EA}"
EndProject
Project("{FAE04EC0-301F-11D3-BF4B-00C04F79EFBC}") = "everyMatrix-test", "everyMatrix-test\everyMatrix-test.csproj", "{934F63E3-4516-46DB-9366-97AA2B214F04}"
EndProject
Global
	GlobalSection(SolutionConfigurationPlatforms) = preSolution
		Debug|Any CPU = Debug|Any CPU
		Release|Any CPU = Release|Any CPU
	EndGlobalSection
	GlobalSection(SolutionProperties) = preSolution
		HideSolutionNode = FALSE
	EndGlobalSection
	GlobalSection(ProjectConfigurationPlatforms) = postSolution
		{9F84420D-E364-4627-93A5-4AFE07A070EA}.Debug|Any CPU.ActiveCfg = Debug|Any CPU
		{9F84420D-E364-4627-93A5-4AFE07A070EA}.Debug|Any CPU.Build.0 = Debug|Any CPU
		{9F84420D-E364-4627-93A5-4AFE07A070EA}.Release|Any CPU.ActiveCfg = Release|Any CPU
		{9F84420D-E364-4627-93A5-4AFE07A070EA}.Release|Any CPU.Build.0 = Release|Any CPU
		{934F63E3-4516-46DB-9366-97AA2B214F04}.Debug|Any CPU.ActiveCfg = Debug|Any CPU
		{934F63E3-4516-46DB-9366-97AA2B214F04}.Debug|Any CPU.Build.0 = Debug|Any CPU
		{934F63E3-4516-46DB-9366-97AA2B214F04}.Release|Any CPU.ActiveCfg = Release|Any CPU
		{934F63E3-4516-46DB-9366-97AA2B214F04}.Release|Any CPU.Build.0 = Release|Any CPU
	EndGlobalSection
EndGlobal
